
Microsoft Visual Studio Solution File, Format Version 12.00
# Visual Studio Version 16
VisualStudioVersion = 16.0.28917.182
MinimumVisualStudioVersion = 10.0.40219.1
Project("{9A19103F-16F7-4668-BE54-9A1E7A4F7556}") = "Speech", "Speech\Speech.csproj", "{FF722A2B-E1AF-46E2-99BA-11BE4EA0FDF4}"
EndProject
Global
	GlobalSection(SolutionConfigurationPlatforms) = preSolution
		Debug|Any CPU = Debug|Any CPU
		Release|Any CPU = Release|Any CPU
	EndGlobalSection
	GlobalSection(ProjectConfigurationPlatforms) = postSolution
		{FF722A2B-E1AF-46E2-99BA-11BE4EA0FDF4}.Debug|Any CPU.ActiveCfg = Debug|Any CPU
		{FF722A2B-E1AF-46E2-99BA-11BE4EA0FDF4}.Debug|Any CPU.Build.0 = Debug|Any CPU
		{FF722A2B-E1AF-46E2-99BA-11BE4EA0FDF4}.Release|Any CPU.ActiveCfg = Release|Any CPU
		{FF722A2B-E1AF-46E2-99BA-11BE4EA0FDF4}.Release|Any CPU.Build.0 = Release|Any CPU
	EndGlobalSection
	GlobalSection(SolutionProperties) = preSolution
		HideSolutionNode = FALSE
	EndGlobalSection
	GlobalSection(ExtensibilityGlobals) = postSolution
		SolutionGuid = {01FB4015-44A3-4A00-BC54-25AE010DEBFD}
	EndGlobalSection
EndGlobal
